
Microsoft Visual Studio Solution File, Format Version 12.00
# Visual Studio Version 17
VisualStudioVersion = 17.5.33502.453
MinimumVisualStudioVersion = 10.0.40219.1
Project("{FAE04EC0-301F-11D3-BF4B-00C04F79EFBC}") = "FitMate", "FitMate\FitMate.csproj", "{171CF481-06FC-4238-A5CD-419646BCE632}"
EndProject
Global
	GlobalSection(SolutionConfigurationPlatforms) = preSolution
		Debug|Any CPU = Debug|Any CPU
		Release|Any CPU = Release|Any CPU
	EndGlobalSection
	GlobalSection(ProjectConfigurationPlatforms) = postSolution
		{171CF481-06FC-4238-A5CD-419646BCE632}.Debug|Any CPU.ActiveCfg = Debug|Any CPU
		{171CF481-06FC-4238-A5CD-419646BCE632}.Debug|Any CPU.Build.0 = Debug|Any CPU
		{171CF481-06FC-4238-A5CD-419646BCE632}.Release|Any CPU.ActiveCfg = Release|Any CPU
		{171CF481-06FC-4238-A5CD-419646BCE632}.Release|Any CPU.Build.0 = Release|Any CPU
	EndGlobalSection
	GlobalSection(SolutionProperties) = preSolution
		HideSolutionNode = FALSE
	EndGlobalSection
	GlobalSection(ExtensibilityGlobals) = postSolution
		SolutionGuid = {2545E8F5-AA62-46F3-9F8E-E85033CCE84A}
	EndGlobalSection
EndGlobal
